
Microsoft Visual Studio Solution File, Format Version 12.00
# Visual Studio Version 16
VisualStudioVersion = 16.0.30523.141
MinimumVisualStudioVersion = 10.0.40219.1
Project("{FAE04EC0-301F-11D3-BF4B-00C04F79EFBC}") = "Bundler", "bundler\Bundler.csproj", "{9A14122A-5C50-4AF0-A99A-F133DF146B26}"
EndProject
Project("{FAE04EC0-301F-11D3-BF4B-00C04F79EFBC}") = "SyncPipes", "src\SyncPipes.csproj", "{93BD694D-2CC0-46B2-83AB-3A878CA1543C}"
EndProject
Project("{2150E333-8FDC-42A3-9474-1A3956D46DE8}") = "Solution Items", "Solution Items", "{9598364D-1CCB-458E-9927-80DE233111FB}"
	ProjectSection(SolutionItems) = preProject
		LICENSE = LICENSE
		README.md = README.md
	EndProjectSection
EndProject
Global
	GlobalSection(SolutionConfigurationPlatforms) = preSolution
		Debug|Any CPU = Debug|Any CPU
		Release|Any CPU = Release|Any CPU
	EndGlobalSection
	GlobalSection(ProjectConfigurationPlatforms) = postSolution
		{9A14122A-5C50-4AF0-A99A-F133DF146B26}.Debug|Any CPU.ActiveCfg = Debug|Any CPU
		{9A14122A-5C50-4AF0-A99A-F133DF146B26}.Debug|Any CPU.Build.0 = Debug|Any CPU
		{9A14122A-5C50-4AF0-A99A-F133DF146B26}.Release|Any CPU.ActiveCfg = Release|Any CPU
		{9A14122A-5C50-4AF0-A99A-F133DF146B26}.Release|Any CPU.Build.0 = Release|Any CPU
		{93BD694D-2CC0-46B2-83AB-3A878CA1543C}.Debug|Any CPU.ActiveCfg = Debug|Any CPU
		{93BD694D-2CC0-46B2-83AB-3A878CA1543C}.Debug|Any CPU.Build.0 = Debug|Any CPU
		{93BD694D-2CC0-46B2-83AB-3A878CA1543C}.Release|Any CPU.ActiveCfg = Release|Any CPU
		{93BD694D-2CC0-46B2-83AB-3A878CA1543C}.Release|Any CPU.Build.0 = Release|Any CPU
	EndGlobalSection
	GlobalSection(SolutionProperties) = preSolution
		HideSolutionNode = FALSE
	EndGlobalSection
	GlobalSection(ExtensibilityGlobals) = postSolution
		SolutionGuid = {B9A79BF0-4429-4A75-95AC-5DDDE30D397C}
	EndGlobalSection
EndGlobal
